
Microsoft Visual Studio Solution File, Format Version 12.00
# Visual Studio Version 16
VisualStudioVersion = 16.0.30128.74
MinimumVisualStudioVersion = 10.0.40219.1
Project("{FAE04EC0-301F-11D3-BF4B-00C04F79EFBC}") = "HelloASPDotNET", "HelloASPDotNET\HelloASPDotNET.csproj", "{D6E00A8C-6960-40CF-9402-A17227355BE9}"
EndProject
Global
	GlobalSection(SolutionConfigurationPlatforms) = preSolution
		Debug|Any CPU = Debug|Any CPU
		Release|Any CPU = Release|Any CPU
	EndGlobalSection
	GlobalSection(ProjectConfigurationPlatforms) = postSolution
		{D6E00A8C-6960-40CF-9402-A17227355BE9}.Debug|Any CPU.ActiveCfg = Debug|Any CPU
		{D6E00A8C-6960-40CF-9402-A17227355BE9}.Debug|Any CPU.Build.0 = Debug|Any CPU
		{D6E00A8C-6960-40CF-9402-A17227355BE9}.Release|Any CPU.ActiveCfg = Release|Any CPU
		{D6E00A8C-6960-40CF-9402-A17227355BE9}.Release|Any CPU.Build.0 = Release|Any CPU
	EndGlobalSection
	GlobalSection(SolutionProperties) = preSolution
		HideSolutionNode = FALSE
	EndGlobalSection
	GlobalSection(ExtensibilityGlobals) = postSolution
		SolutionGuid = {7B793B0B-A73D-4252-BD85-E3423E4AE499}
	EndGlobalSection
EndGlobal
